
Microsoft Visual Studio Solution File, Format Version 12.00
# Visual Studio Version 17
VisualStudioVersion = 17.1.32319.34
MinimumVisualStudioVersion = 10.0.40219.1
Project("{FAE04EC0-301F-11D3-BF4B-00C04F79EFBC}") = "HMS_API", "HMS_API\HMS_API.csproj", "{D329CEDB-8934-452C-928D-3F4B4677255A}"
EndProject
Global
	GlobalSection(SolutionConfigurationPlatforms) = preSolution
		Debug|Any CPU = Debug|Any CPU
		Release|Any CPU = Release|Any CPU
	EndGlobalSection
	GlobalSection(ProjectConfigurationPlatforms) = postSolution
		{D329CEDB-8934-452C-928D-3F4B4677255A}.Debug|Any CPU.ActiveCfg = Debug|Any CPU
		{D329CEDB-8934-452C-928D-3F4B4677255A}.Debug|Any CPU.Build.0 = Debug|Any CPU
		{D329CEDB-8934-452C-928D-3F4B4677255A}.Release|Any CPU.ActiveCfg = Release|Any CPU
		{D329CEDB-8934-452C-928D-3F4B4677255A}.Release|Any CPU.Build.0 = Release|Any CPU
	EndGlobalSection
	GlobalSection(SolutionProperties) = preSolution
		HideSolutionNode = FALSE
	EndGlobalSection
	GlobalSection(ExtensibilityGlobals) = postSolution
		SolutionGuid = {8EF83F08-B4F7-41FF-B6FE-3D9EF0353F89}
	EndGlobalSection
EndGlobal
